
Microsoft Visual Studio Solution File, Format Version 12.00
# Visual Studio Version 16
VisualStudioVersion = 16.0.31025.194
MinimumVisualStudioVersion = 10.0.40219.1
Project("{FAE04EC0-301F-11D3-BF4B-00C04F79EFBC}") = "BankManagementSystem", "BankManagementSystem.csproj", "{8DBB48F4-0703-4DC9-AE16-218D43785CD4}"
EndProject
Global
	GlobalSection(SolutionConfigurationPlatforms) = preSolution
		Debug|Any CPU = Debug|Any CPU
		Release|Any CPU = Release|Any CPU
	EndGlobalSection
	GlobalSection(ProjectConfigurationPlatforms) = postSolution
		{8DBB48F4-0703-4DC9-AE16-218D43785CD4}.Debug|Any CPU.ActiveCfg = Debug|Any CPU
		{8DBB48F4-0703-4DC9-AE16-218D43785CD4}.Debug|Any CPU.Build.0 = Debug|Any CPU
		{8DBB48F4-0703-4DC9-AE16-218D43785CD4}.Release|Any CPU.ActiveCfg = Release|Any CPU
		{8DBB48F4-0703-4DC9-AE16-218D43785CD4}.Release|Any CPU.Build.0 = Release|Any CPU
	EndGlobalSection
	GlobalSection(SolutionProperties) = preSolution
		HideSolutionNode = FALSE
	EndGlobalSection
	GlobalSection(ExtensibilityGlobals) = postSolution
		SolutionGuid = {C0E5BEC7-B889-4559-AEC5-44650E216F9D}
	EndGlobalSection
EndGlobal
